
Microsoft Visual Studio Solution File, Format Version 12.00
# Visual Studio Version 17
VisualStudioVersion = 17.3.32929.385
MinimumVisualStudioVersion = 10.0.40219.1
Project("{FAE04EC0-301F-11D3-BF4B-00C04F79EFBC}") = "AbrirArchivo2022", "AbrirArchivo2022\AbrirArchivo2022.csproj", "{2EDCD9B4-7787-4651-83DE-0FD81CE53442}"
EndProject
Global
	GlobalSection(SolutionConfigurationPlatforms) = preSolution
		Debug|Any CPU = Debug|Any CPU
		Release|Any CPU = Release|Any CPU
	EndGlobalSection
	GlobalSection(ProjectConfigurationPlatforms) = postSolution
		{2EDCD9B4-7787-4651-83DE-0FD81CE53442}.Debug|Any CPU.ActiveCfg = Debug|Any CPU
		{2EDCD9B4-7787-4651-83DE-0FD81CE53442}.Debug|Any CPU.Build.0 = Debug|Any CPU
		{2EDCD9B4-7787-4651-83DE-0FD81CE53442}.Release|Any CPU.ActiveCfg = Release|Any CPU
		{2EDCD9B4-7787-4651-83DE-0FD81CE53442}.Release|Any CPU.Build.0 = Release|Any CPU
	EndGlobalSection
	GlobalSection(SolutionProperties) = preSolution
		HideSolutionNode = FALSE
	EndGlobalSection
	GlobalSection(ExtensibilityGlobals) = postSolution
		SolutionGuid = {70B84762-7B3B-414D-97CE-2004E1AB4C5A}
	EndGlobalSection
EndGlobal
